// !$*UTF8*$!
{
	archiveVersion = 1;
	classes = {
	};
	objectVersion = 50;
	objects = {

/* Begin PBXBuildFile section */
		D47A8AC5249501F5000389E9 /* AppDelegate.swift in Sources */ = {isa = PBXBuildFile; fileRef = D47A8AC4249501F5000389E9 /* AppDelegate.swift */; };
		D47A8AC7249501F5000389E9 /* SceneDelegate.swift in Sources */ = {isa = PBXBuildFile; fileRef = D47A8AC6249501F5000389E9 /* SceneDelegate.swift */; };
		D47A8AC9249501F5000389E9 /* ContentView.swift in Sources */ = {isa = PBXBuildFile; fileRef = D47A8AC8249501F5000389E9 /* ContentView.swift */; };
		D47A8ACB249501FA000389E9 /* Assets.xcassets in Resources */ = {isa = PBXBuildFile; fileRef = D47A8ACA249501FA000389E9 /* Assets.xcassets */; };
		D47A8ACE249501FA000389E9 /* Preview Assets.xcassets in Resources */ = {isa = PBXBuildFile; fileRef = D47A8ACD249501FA000389E9 /* Preview Assets.xcassets */; };
		D47A8AD1249501FA000389E9 /* LaunchScreen.storyboard in Resources */ = {isa = PBXBuildFile; fileRef = D47A8ACF249501FA000389E9 /* LaunchScreen.storyboard */; };
		D47A8ADF2495030C000389E9 /* NotificationCenter.framework in Frameworks */ = {isa = PBXBuildFile; fileRef = D47A8ADE2495030C000389E9 /* NotificationCenter.framework */; };
		D47A8AE22495030C000389E9 /* TodayViewController.swift in Sources */ = {isa = PBXBuildFile; fileRef = D47A8AE12495030C000389E9 /* TodayViewController.swift */; };
		D47A8AE52495030C000389E9 /* MainInterface.storyboard in Resources */ = {isa = PBXBuildFile; fileRef = D47A8AE32495030C000389E9 /* MainInterface.storyboard */; };
		D47A8AE92495030C000389E9 /* Widget.appex in Embed App Extensions */ = {isa = PBXBuildFile; fileRef = D47A8ADC2495030C000389E9 /* Widget.appex */; settings = {ATTRIBUTES = (RemoveHeadersOnCopy, ); }; };
		D47A8AEF249507B8000389E9 /* WidgetView.swift in Sources */ = {isa = PBXBuildFile; fileRef = D47A8AEE249507B8000389E9 /* WidgetView.swift */; };
/* End PBXBuildFile section */

/* Begin PBXContainerItemProxy section */
		D47A8AE72495030C000389E9 /* PBXContainerItemProxy */ = {
			isa = PBXContainerItemProxy;
			containerPortal = D47A8AB9249501F5000389E9 /* Project object */;
			proxyType = 1;
			remoteGlobalIDString = D47A8ADB2495030C000389E9;
			remoteInfo = Widget;
		};
/* End PBXContainerItemProxy section */

/* Begin PBXCopyFilesBuildPhase section */
		D47A8AED2495030C000389E9 /* Embed App Extensions */ = {
			isa = PBXCopyFilesBuildPhase;
			buildActionMask = 2147483647;
			dstPath = "";
			dstSubfolderSpec = 13;
			files = (
				D47A8AE92495030C000389E9 /* Widget.appex in Embed App Extensions */,
			);
			name = "Embed App Extensions";
			runOnlyForDeploymentPostprocessing = 0;
		};
/* End PBXCopyFilesBuildPhase section */

/* Begin PBXFileReference section */
		D47A8AC1249501F5000389E9 /* WidgetSample.app */ = {isa = PBXFileReference; explicitFileType = wrapper.application; includeInIndex = 0; path = WidgetSample.app; sourceTree = BUILT_PRODUCTS_DIR; };
		D47A8AC4249501F5000389E9 /* AppDelegate.swift */ = {isa = PBXFileReference; lastKnownFileType = sourcecode.swift; path = AppDelegate.swift; sourceTree = "<group>"; };
		D47A8AC6249501F5000389E9 /* SceneDelegate.swift */ = {isa = PBXFileReference; lastKnownFileType = sourcecode.swift; path = SceneDelegate.swift; sourceTree = "<group>"; };
		D47A8AC8249501F5000389E9 /* ContentView.swift */ = {isa = PBXFileReference; lastKnownFileType = sourcecode.swift; path = ContentView.swift; sourceTree = "<group>"; };
		D47A8ACA249501FA000389E9 /* Assets.xcassets */ = {isa = PBXFileReference; lastKnownFileType = folder.assetcatalog; path = Assets.xcassets; sourceTree = "<group>"; };
		D47A8ACD249501FA000389E9 /* Preview Assets.xcassets */ = {isa = PBXFileReference; lastKnownFileType = folder.assetcatalog; path = "Preview Assets.xcassets"; sourceTree = "<group>"; };
		D47A8AD0249501FA000389E9 /* Base */ = {isa = PBXFileReference; lastKnownFileType = file.storyboard; name = Base; path = Base.lproj/LaunchScreen.storyboard; sourceTree = "<group>"; };
		D47A8AD2249501FA000389E9 /* Info.plist */ = {isa = PBXFileReference; lastKnownFileType = text.plist.xml; path = Info.plist; sourceTree = "<group>"; };
		D47A8ADC2495030C000389E9 /* Widget.appex */ = {isa = PBXFileReference; explicitFileType = "wrapper.app-extension"; includeInIndex = 0; path = Widget.appex; sourceTree = BUILT_PRODUCTS_DIR; };
		D47A8ADE2495030C000389E9 /* NotificationCenter.framework */ = {isa = PBXFileReference; lastKnownFileType = wrapper.framework; name = NotificationCenter.framework; path = System/Library/Frameworks/NotificationCenter.framework; sourceTree = SDKROOT; };
		D47A8AE12495030C000389E9 /* TodayViewController.swift */ = {isa = PBXFileReference; lastKnownFileType = sourcecode.swift; path = TodayViewController.swift; sourceTree = "<group>"; };
		D47A8AE42495030C000389E9 /* Base */ = {isa = PBXFileReference; lastKnownFileType = file.storyboard; name = Base; path = Base.lproj/MainInterface.storyboard; sourceTree = "<group>"; };
		D47A8AE62495030C000389E9 /* Info.plist */ = {isa = PBXFileReference; lastKnownFileType = text.plist.xml; path = Info.plist; sourceTree = "<group>"; };
		D47A8AEE249507B8000389E9 /* WidgetView.swift */ = {isa = PBXFileReference; lastKnownFileType = sourcecode.swift; path = WidgetView.swift; sourceTree = "<group>"; };
/* End PBXFileReference section */

/* Begin PBXFrameworksBuildPhase section */
		D47A8ABE249501F5000389E9 /* Frameworks */ = {
			isa = PBXFrameworksBuildPhase;
			buildActionMask = 2147483647;
			files = (
			);
			runOnlyForDeploymentPostprocessing = 0;
		};
		D47A8AD92495030C000389E9 /* Frameworks */ = {
			isa = PBXFrameworksBuildPhase;
			buildActionMask = 2147483647;
			files = (
				D47A8ADF2495030C000389E9 /* NotificationCenter.framework in Frameworks */,
			);
			runOnlyForDeploymentPostprocessing = 0;
		};
/* End PBXFrameworksBuildPhase section */

/* Begin PBXGroup section */
		D47A8AB8249501F5000389E9 = {
			isa = PBXGroup;
			children = (
				D47A8AC3249501F5000389E9 /* WidgetSample */,
				D47A8AE02495030C000389E9 /* Widget */,
				D47A8ADD2495030C000389E9 /* Frameworks */,
				D47A8AC2249501F5000389E9 /* Products */,
			);
			sourceTree = "<group>";
		};
		D47A8AC2249501F5000389E9 /* Products */ = {
			isa = PBXGroup;
			children = (
				D47A8AC1249501F5000389E9 /* WidgetSample.app */,
				D47A8ADC2495030C000389E9 /* Widget.appex */,
			);
			name = Products;
			sourceTree = "<group>";
		};
		D47A8AC3249501F5000389E9 /* WidgetSample */ = {
			isa = PBXGroup;
			children = (
				D47A8AC4249501F5000389E9 /* AppDelegate.swift */,
				D47A8AC6249501F5000389E9 /* SceneDelegate.swift */,
				D47A8AC8249501F5000389E9 /* ContentView.swift */,
				D47A8ACA249501FA000389E9 /* Assets.xcassets */,
				D47A8ACF249501FA000389E9 /* LaunchScreen.storyboard */,
				D47A8AD2249501FA000389E9 /* Info.plist */,
				D47A8ACC249501FA000389E9 /* Preview Content */,
			);
			path = WidgetSample;
			sourceTree = "<group>";
		};
		D47A8ACC249501FA000389E9 /* Preview Content */ = {
			isa = PBXGroup;
			children = (
				D47A8ACD249501FA000389E9 /* Preview Assets.xcassets */,
			);
			path = "Preview Content";
			sourceTree = "<group>";
		};
		D47A8ADD2495030C000389E9 /* Frameworks */ = {
			isa = PBXGroup;
			children = (
				D47A8ADE2495030C000389E9 /* NotificationCenter.framework */,
			);
			name = Frameworks;
			sourceTree = "<group>";
		};
		D47A8AE02495030C000389E9 /* Widget */ = {
			isa = PBXGroup;
			children = (
				D47A8AE12495030C000389E9 /* TodayViewController.swift */,
				D47A8AE32495030C000389E9 /* MainInterface.storyboard */,
				D47A8AE62495030C000389E9 /* Info.plist */,
				D47A8AEE249507B8000389E9 /* WidgetView.swift */,
			);
			path = Widget;
			sourceTree = "<group>";
		};
/* End PBXGroup section */

/* Begin PBXNativeTarget section */
		D47A8AC0249501F5000389E9 /* WidgetSample */ = {
			isa = PBXNativeTarget;
			buildConfigurationList = D47A8AD5249501FA000389E9 /* Build configuration list for PBXNativeTarget "WidgetSample" */;
			buildPhases = (
				D47A8ABD249501F5000389E9 /* Sources */,
				D47A8ABE249501F5000389E9 /* Frameworks */,
				D47A8ABF249501F5000389E9 /* Resources */,
				D47A8AED2495030C000389E9 /* Embed App Extensions */,
			);
			buildRules = (
			);
			dependencies = (
				D47A8AE82495030C000389E9 /* PBXTargetDependency */,
			);
			name = WidgetSample;
			productName = WidgetSample;
			productReference = D47A8AC1249501F5000389E9 /* WidgetSample.app */;
			productType = "com.apple.product-type.application";
		};
		D47A8ADB2495030C000389E9 /* Widget */ = {
			isa = PBXNativeTarget;
			buildConfigurationList = D47A8AEA2495030C000389E9 /* Build configuration list for PBXNativeTarget "Widget" */;
			buildPhases = (
				D47A8AD82495030C000389E9 /* Sources */,
				D47A8AD92495030C000389E9 /* Frameworks */,
				D47A8ADA2495030C000389E9 /* Resources */,
			);
			buildRules = (
			);
			dependencies = (
			);
			name = Widget;
			productName = Widget;
			productReference = D47A8ADC2495030C000389E9 /* Widget.appex */;
			productType = "com.apple.product-type.app-extension";
		};
/* End PBXNativeTarget section */

/* Begin PBXProject section */
		D47A8AB9249501F5000389E9 /* Project object */ = {
			isa = PBXProject;
			attributes = {
				LastSwiftUpdateCheck = 1150;
				LastUpgradeCheck = 1150;
				ORGANIZATIONNAME = "SoNice!";
				TargetAttributes = {
					D47A8AC0249501F5000389E9 = {
						CreatedOnToolsVersion = 11.5;
					};
					D47A8ADB2495030C000389E9 = {
						CreatedOnToolsVersion = 11.5;
					};
				};
			};
			buildConfigurationList = D47A8ABC249501F5000389E9 /* Build configuration list for PBXProject "WidgetSample" */;
			compatibilityVersion = "Xcode 9.3";
			developmentRegion = en;
			hasScannedForEncodings = 0;
			knownRegions = (
				en,
				Base,
			);
			mainGroup = D47A8AB8249501F5000389E9;
			productRefGroup = D47A8AC2249501F5000389E9 /* Products */;
			projectDirPath = "";
			projectRoot = "";
			targets = (
				D47A8AC0249501F5000389E9 /* WidgetSample */,
				D47A8ADB2495030C000389E9 /* Widget */,
			);
		};
/* End PBXProject section */

/* Begin PBXResourcesBuildPhase section */
		D47A8ABF249501F5000389E9 /* Resources */ = {
			isa = PBXResourcesBuildPhase;
			buildActionMask = 2147483647;
			files = (
				D47A8AD1249501FA000389E9 /* LaunchScreen.storyboard in Resources */,
				D47A8ACE249501FA000389E9 /* Preview Assets.xcassets in Resources */,
				D47A8ACB249501FA000389E9 /* Assets.xcassets in Resources */,
			);
			runOnlyForDeploymentPostprocessing = 0;
		};
		D47A8ADA2495030C000389E9 /* Resources */ = {
			isa = PBXResourcesBuildPhase;
			buildActionMask = 2147483647;
			files = (
				D47A8AE52495030C000389E9 /* MainInterface.storyboard in Resources */,
			);
			runOnlyForDeploymentPostprocessing = 0;
		};
/* End PBXResourcesBuildPhase section */

/* Begin PBXSourcesBuildPhase section */
		D47A8ABD249501F5000389E9 /* Sources */ = {
			isa = PBXSourcesBuildPhase;
			buildActionMask = 2147483647;
			files = (
				D47A8AC5249501F5000389E9 /* AppDelegate.swift in Sources */,
				D47A8AC7249501F5000389E9 /* SceneDelegate.swift in Sources */,
				D47A8AC9249501F5000389E9 /* ContentView.swift in Sources */,
			);
			runOnlyForDeploymentPostprocessing = 0;
		};
		D47A8AD82495030C000389E9 /* Sources */ = {
			isa = PBXSourcesBuildPhase;
			buildActionMask = 2147483647;
			files = (
				D47A8AEF249507B8000389E9 /* WidgetView.swift in Sources */,
				D47A8AE22495030C000389E9 /* TodayViewController.swift in Sources */,
			);
			runOnlyForDeploymentPostprocessing = 0;
		};
/* End PBXSourcesBuildPhase section */

/* Begin PBXTargetDependency section */
		D47A8AE82495030C000389E9 /* PBXTargetDependency */ = {
			isa = PBXTargetDependency;
			target = D47A8ADB2495030C000389E9 /* Widget */;
			targetProxy = D47A8AE72495030C000389E9 /* PBXContainerItemProxy */;
		};
/* End PBXTargetDependency section */

/* Begin PBXVariantGroup section */
		D47A8ACF249501FA000389E9 /* LaunchScreen.storyboard */ = {
			isa = PBXVariantGroup;
			children = (
				D47A8AD0249501FA000389E9 /* Base */,
			);
			name = LaunchScreen.storyboard;
			sourceTree = "<group>";
		};
		D47A8AE32495030C000389E9 /* MainInterface.storyboard */ = {
			isa = PBXVariantGroup;
			children = (
				D47A8AE42495030C000389E9 /* Base */,
			);
			name = MainInterface.storyboard;
			sourceTree = "<group>";
		};
/* End PBXVariantGroup section */

/* Begin XCBuildConfiguration section */
		D47A8AD3249501FA000389E9 /* Debug */ = {
			isa = XCBuildConfiguration;
			buildSettings = {
				ALWAYS_SEARCH_USER_PATHS = NO;
				CLANG_ANALYZER_NONNULL = YES;
				CLANG_ANALYZER_NUMBER_OBJECT_CONVERSION = YES_AGGRESSIVE;
				CLANG_CXX_LANGUAGE_STANDARD = "gnu++14";
				CLANG_CXX_LIBRARY = "libc++";
				CLANG_ENABLE_MODULES = YES;
				CLANG_ENABLE_OBJC_ARC = YES;
				CLANG_ENABLE_OBJC_WEAK = YES;
				CLANG_WARN_BLOCK_CAPTURE_AUTORELEASING = YES;
				CLANG_WARN_BOOL_CONVERSION = YES;
				CLANG_WARN_COMMA = YES;
				CLANG_WARN_CONSTANT_CONVERSION = YES;
				CLANG_WARN_DEPRECATED_OBJC_IMPLEMENTATIONS = YES;
				CLANG_WARN_DIRECT_OBJC_ISA_USAGE = YES_ERROR;
				CLANG_WARN_DOCUMENTATION_COMMENTS = YES;
				CLANG_WARN_EMPTY_BODY = YES;
				CLANG_WARN_ENUM_CONVERSION = YES;
				CLANG_WARN_INFINITE_RECURSION = YES;
				CLANG_WARN_INT_CONVERSION = YES;
				CLANG_WARN_NON_LITERAL_NULL_CONVERSION = YES;
				CLANG_WARN_OBJC_IMPLICIT_RETAIN_SELF = YES;
				CLANG_WARN_OBJC_LITERAL_CONVERSION = YES;
				CLANG_WARN_OBJC_ROOT_CLASS = YES_ERROR;
				CLANG_WARN_RANGE_LOOP_ANALYSIS = YES;
				CLANG_WARN_STRICT_PROTOTYPES = YES;
				CLANG_WARN_SUSPICIOUS_MOVE = YES;
				CLANG_WARN_UNGUARDED_AVAILABILITY = YES_AGGRESSIVE;
				CLANG_WARN_UNREACHABLE_CODE = YES;
				CLANG_WARN__DUPLICATE_METHOD_MATCH = YES;
				COPY_PHASE_STRIP = NO;
				DEBUG_INFORMATION_FORMAT = dwarf;
				ENABLE_STRICT_OBJC_MSGSEND = YES;
				ENABLE_TESTABILITY = YES;
				GCC_C_LANGUAGE_STANDARD = gnu11;
				GCC_DYNAMIC_NO_PIC = NO;
				GCC_NO_COMMON_BLOCKS = YES;
				GCC_OPTIMIZATION_LEVEL = 0;
				GCC_PREPROCESSOR_DEFINITIONS = (
					"DEBUG=1",
					"$(inherited)",
				);
				GCC_WARN_64_TO_32_BIT_CONVERSION = YES;
				GCC_WARN_ABOUT_RETURN_TYPE = YES_ERROR;
				GCC_WARN_UNDECLARED_SELECTOR = YES;
				GCC_WARN_UNINITIALIZED_AUTOS = YES_AGGRESSIVE;
				GCC_WARN_UNUSED_FUNCTION = YES;
				GCC_WARN_UNUSED_VARIABLE = YES;
				IPHONEOS_DEPLOYMENT_TARGET = 13.5;
				MTL_ENABLE_DEBUG_INFO = INCLUDE_SOURCE;
				MTL_FAST_MATH = YES;
				ONLY_ACTIVE_ARCH = YES;
				SDKROOT = iphoneos;
				SWIFT_ACTIVE_COMPILATION_CONDITIONS = DEBUG;
				SWIFT_OPTIMIZATION_LEVEL = "-Onone";
			};
			name = Debug;
		};
		D47A8AD4249501FA000389E9 /* Release */ = {
			isa = XCBuildConfiguration;
			buildSettings = {
				ALWAYS_SEARCH_USER_PATHS = NO;
				CLANG_ANALYZER_NONNULL = YES;
				CLANG_ANALYZER_NUMBER_OBJECT_CONVERSION = YES_AGGRESSIVE;
				CLANG_CXX_LANGUAGE_STANDARD = "gnu++14";
				CLANG_CXX_LIBRARY = "libc++";
				CLANG_ENABLE_MODULES = YES;
				CLANG_ENABLE_OBJC_ARC = YES;
				CLANG_ENABLE_OBJC_WEAK = YES;
				CLANG_WARN_BLOCK_CAPTURE_AUTORELEASING = YES;
				CLANG_WARN_BOOL_CONVERSION = YES;
				CLANG_WARN_COMMA = YES;
				CLANG_WARN_CONSTANT_CONVERSION = YES;
				CLANG_WARN_DEPRECATED_OBJC_IMPLEMENTATIONS = YES;
				CLANG_WARN_DIRECT_OBJC_ISA_USAGE = YES_ERROR;
				CLANG_WARN_DOCUMENTATION_COMMENTS = YES;
				CLANG_WARN_EMPTY_BODY = YES;
				CLANG_WARN_ENUM_CONVERSION = YES;
				CLANG_WARN_INFINITE_RECURSION = YES;
				CLANG_WARN_INT_CONVERSION = YES;
				CLANG_WARN_NON_LITERAL_NULL_CONVERSION = YES;
				CLANG_WARN_OBJC_IMPLICIT_RETAIN_SELF = YES;
				CLANG_WARN_OBJC_LITERAL_CONVERSION = YES;
				CLANG_WARN_OBJC_ROOT_CLASS = YES_ERROR;
				CLANG_WARN_RANGE_LOOP_ANALYSIS = YES;
				CLANG_WARN_STRICT_PROTOTYPES = YES;
				CLANG_WARN_SUSPICIOUS_MOVE = YES;
				CLANG_WARN_UNGUARDED_AVAILABILITY = YES_AGGRESSIVE;
				CLANG_WARN_UNREACHABLE_CODE = YES;
				CLANG_WARN__DUPLICATE_METHOD_MATCH = YES;
				COPY_PHASE_STRIP = NO;
				DEBUG_INFORMATION_FORMAT = "dwarf-with-dsym";
				ENABLE_NS_ASSERTIONS = NO;
				ENABLE_STRICT_OBJC_MSGSEND = YES;
				GCC_C_LANGUAGE_STANDARD = gnu11;
				GCC_NO_COMMON_BLOCKS = YES;
				GCC_WARN_64_TO_32_BIT_CONVERSION = YES;
				GCC_WARN_ABOUT_RETURN_TYPE = YES_ERROR;
				GCC_WARN_UNDECLARED_SELECTOR = YES;
				GCC_WARN_UNINITIALIZED_AUTOS = YES_AGGRESSIVE;
				GCC_WARN_UNUSED_FUNCTION = YES;
				GCC_WARN_UNUSED_VARIABLE = YES;
				IPHONEOS_DEPLOYMENT_TARGET = 13.5;
				MTL_ENABLE_DEBUG_INFO = NO;
				MTL_FAST_MATH = YES;
				SDKROOT = iphoneos;
				SWIFT_COMPILATION_MODE = wholemodule;
				SWIFT_OPTIMIZATION_LEVEL = "-O";
				VALIDATE_PRODUCT = YES;
			};
			name = Release;
		};
		D47A8AD6249501FA000389E9 /* Debug */ = {
			isa = XCBuildConfiguration;
			buildSettings = {
				ALWAYS_EMBED_SWIFT_STANDARD_LIBRARIES = YES;
				ASSETCATALOG_COMPILER_APPICON_NAME = AppIcon;
				CODE_SIGN_STYLE = Automatic;
				DEVELOPMENT_ASSET_PATHS = "\"WidgetSample/Preview Content\"";
				DEVELOPMENT_TEAM = 4CGNPZHPL4;
				ENABLE_PREVIEWS = YES;
				INFOPLIST_FILE = WidgetSample/Info.plist;
				LD_RUNPATH_SEARCH_PATHS = (
					"$(inherited)",
					"@executable_path/Frameworks",
				);
				PRODUCT_BUNDLE_IDENTIFIER = com.d1v1b.WidgetSample;
				PRODUCT_NAME = "$(TARGET_NAME)";
				SWIFT_VERSION = 5.0;
				TARGETED_DEVICE_FAMILY = "1,2";
			};
			name = Debug;
		};
		D47A8AD7249501FA000389E9 /* Release */ = {
			isa = XCBuildConfiguration;
			buildSettings = {
				ALWAYS_EMBED_SWIFT_STANDARD_LIBRARIES = YES;
				ASSETCATALOG_COMPILER_APPICON_NAME = AppIcon;
				CODE_SIGN_STYLE = Automatic;
				DEVELOPMENT_ASSET_PATHS = "\"WidgetSample/Preview Content\"";
				DEVELOPMENT_TEAM = 4CGNPZHPL4;
				ENABLE_PREVIEWS = YES;
				INFOPLIST_FILE = WidgetSample/Info.plist;
				LD_RUNPATH_SEARCH_PATHS = (
					"$(inherited)",
					"@executable_path/Frameworks",
				);
				PRODUCT_BUNDLE_IDENTIFIER = com.d1v1b.WidgetSample;
				PRODUCT_NAME = "$(TARGET_NAME)";
				SWIFT_VERSION = 5.0;
				TARGETED_DEVICE_FAMILY = "1,2";
			};
			name = Release;
		};
		D47A8AEB2495030C000389E9 /* Debug */ = {
			isa = XCBuildConfiguration;
			buildSettings = {
				CODE_SIGN_STYLE = Automatic;
				DEVELOPMENT_TEAM = 4CGNPZHPL4;
				INFOPLIST_FILE = Widget/Info.plist;
				LD_RUNPATH_SEARCH_PATHS = (
					"$(inherited)",
					"@executable_path/Frameworks",
					"@executable_path/../../Frameworks",
				);
				PRODUCT_BUNDLE_IDENTIFIER = com.d1v1b.WidgetSample.Widget;
				PRODUCT_NAME = "$(TARGET_NAME)";
				SKIP_INSTALL = YES;
				SWIFT_VERSION = 5.0;
				TARGETED_DEVICE_FAMILY = "1,2";
			};
			name = Debug;
		};
		D47A8AEC2495030C000389E9 /* Release */ = {
			isa = XCBuildConfiguration;
			buildSettings = {
				CODE_SIGN_STYLE = Automatic;
				DEVELOPMENT_TEAM = 4CGNPZHPL4;
				INFOPLIST_FILE = Widget/Info.plist;
				LD_RUNPATH_SEARCH_PATHS = (
					"$(inherited)",
					"@executable_path/Frameworks",
					"@executable_path/../../Frameworks",
				);
				PRODUCT_BUNDLE_IDENTIFIER = com.d1v1b.WidgetSample.Widget;
				PRODUCT_NAME = "$(TARGET_NAME)";
				SKIP_INSTALL = YES;
				SWIFT_VERSION = 5.0;
				TARGETED_DEVICE_FAMILY = "1,2";
			};
			name = Release;
		};
/* End XCBuildConfiguration section */

/* Begin XCConfigurationList section */
		D47A8ABC249501F5000389E9 /* Build configuration list for PBXProject "WidgetSample" */ = {
			isa = XCConfigurationList;
			buildConfigurations = (
				D47A8AD3249501FA000389E9 /* Debug */,
				D47A8AD4249501FA000389E9 /* Release */,
			);
			defaultConfigurationIsVisible = 0;
			defaultConfigurationName = Release;
		};
		D47A8AD5249501FA000389E9 /* Build configuration list for PBXNativeTarget "WidgetSample" */ = {
			isa = XCConfigurationList;
			buildConfigurations = (
				D47A8AD6249501FA000389E9 /* Debug */,
				D47A8AD7249501FA000389E9 /* Release */,
			);
			defaultConfigurationIsVisible = 0;
			defaultConfigurationName = Release;
		};
		D47A8AEA2495030C000389E9 /* Build configuration list for PBXNativeTarget "Widget" */ = {
			isa = XCConfigurationList;
			buildConfigurations = (
				D47A8AEB2495030C000389E9 /* Debug */,
				D47A8AEC2495030C000389E9 /* Release */,
			);
			defaultConfigurationIsVisible = 0;
			defaultConfigurationName = Release;
		};
/* End XCConfigurationList section */
	};
	rootObject = D47A8AB9249501F5000389E9 /* Project object */;
}
